
Microsoft Visual Studio Solution File, Format Version 12.00
# Visual Studio 15
VisualStudioVersion = 15.0.28307.438
MinimumVisualStudioVersion = 10.0.40219.1
Project("{F184B08F-C81C-45F6-A57F-5ABD9991F28F}") = "project004", "project004\project004.vbproj", "{2179E49D-97B4-4C47-A15B-2259D1D813C2}"
EndProject
Project("{F184B08F-C81C-45F6-A57F-5ABD9991F28F}") = "a001", "a001\a001.vbproj", "{CC6D9C6B-0BE5-4F86-ADF4-28656D73BCCE}"
EndProject
Project("{F184B08F-C81C-45F6-A57F-5ABD9991F28F}") = "a002", "a002\a002.vbproj", "{C91F220D-2B6C-4CFF-BAD6-AB205055A294}"
EndProject
Project("{F184B08F-C81C-45F6-A57F-5ABD9991F28F}") = "a003", "a003\a003.vbproj", "{993E9F15-E555-4FD2-9E74-F778C4E44360}"
EndProject
Project("{F184B08F-C81C-45F6-A57F-5ABD9991F28F}") = "a004", "a004\a004.vbproj", "{57ECB91C-59E8-48D3-A2EB-42B96A88F609}"
EndProject
Project("{F184B08F-C81C-45F6-A57F-5ABD9991F28F}") = "a005", "a005\a005.vbproj", "{6CF9ED39-20DB-4D5E-8339-189DDA650069}"
EndProject
Project("{F184B08F-C81C-45F6-A57F-5ABD9991F28F}") = "a006", "a006\a006.vbproj", "{135F7BF4-8600-465C-ABC4-B0A2EE124F1E}"
EndProject
Project("{F184B08F-C81C-45F6-A57F-5ABD9991F28F}") = "a007", "a007\a007.vbproj", "{CDE4249B-0D2C-4B28-B45A-60A8DF97F046}"
EndProject
Project("{F184B08F-C81C-45F6-A57F-5ABD9991F28F}") = "a008", "a008\a008.vbproj", "{05DD05B2-8731-41CD-B173-D775F6A9CDD9}"
EndProject
Project("{F184B08F-C81C-45F6-A57F-5ABD9991F28F}") = "a009", "a009\a009.vbproj", "{D3E51D2E-4D6E-4A5B-95A7-3B09A8D2D7D7}"
EndProject
Project("{F184B08F-C81C-45F6-A57F-5ABD9991F28F}") = "a010", "a010\a010.vbproj", "{D6BF43AB-1B70-43B8-9737-0FECC2E50E74}"
EndProject
Global
	GlobalSection(SolutionConfigurationPlatforms) = preSolution
		Debug|Any CPU = Debug|Any CPU
		Release|Any CPU = Release|Any CPU
	EndGlobalSection
	GlobalSection(ProjectConfigurationPlatforms) = postSolution
		{2179E49D-97B4-4C47-A15B-2259D1D813C2}.Debug|Any CPU.ActiveCfg = Debug|Any CPU
		{2179E49D-97B4-4C47-A15B-2259D1D813C2}.Debug|Any CPU.Build.0 = Debug|Any CPU
		{2179E49D-97B4-4C47-A15B-2259D1D813C2}.Release|Any CPU.ActiveCfg = Release|Any CPU
		{2179E49D-97B4-4C47-A15B-2259D1D813C2}.Release|Any CPU.Build.0 = Release|Any CPU
		{CC6D9C6B-0BE5-4F86-ADF4-28656D73BCCE}.Debug|Any CPU.ActiveCfg = Debug|Any CPU
		{CC6D9C6B-0BE5-4F86-ADF4-28656D73BCCE}.Debug|Any CPU.Build.0 = Debug|Any CPU
		{CC6D9C6B-0BE5-4F86-ADF4-28656D73BCCE}.Release|Any CPU.ActiveCfg = Release|Any CPU
		{CC6D9C6B-0BE5-4F86-ADF4-28656D73BCCE}.Release|Any CPU.Build.0 = Release|Any CPU
		{C91F220D-2B6C-4CFF-BAD6-AB205055A294}.Debug|Any CPU.ActiveCfg = Debug|Any CPU
		{C91F220D-2B6C-4CFF-BAD6-AB205055A294}.Debug|Any CPU.Build.0 = Debug|Any CPU
		{C91F220D-2B6C-4CFF-BAD6-AB205055A294}.Release|Any CPU.ActiveCfg = Release|Any CPU
		{C91F220D-2B6C-4CFF-BAD6-AB205055A294}.Release|Any CPU.Build.0 = Release|Any CPU
		{993E9F15-E555-4FD2-9E74-F778C4E44360}.Debug|Any CPU.ActiveCfg = Debug|Any CPU
		{993E9F15-E555-4FD2-9E74-F778C4E44360}.Debug|Any CPU.Build.0 = Debug|Any CPU
		{993E9F15-E555-4FD2-9E74-F778C4E44360}.Release|Any CPU.ActiveCfg = Release|Any CPU
		{993E9F15-E555-4FD2-9E74-F778C4E44360}.Release|Any CPU.Build.0 = Release|Any CPU
		{57ECB91C-59E8-48D3-A2EB-42B96A88F609}.Debug|Any CPU.ActiveCfg = Debug|Any CPU
		{57ECB91C-59E8-48D3-A2EB-42B96A88F609}.Debug|Any CPU.Build.0 = Debug|Any CPU
		{57ECB91C-59E8-48D3-A2EB-42B96A88F609}.Release|Any CPU.ActiveCfg = Release|Any CPU
		{57ECB91C-59E8-48D3-A2EB-42B96A88F609}.Release|Any CPU.Build.0 = Release|Any CPU
		{6CF9ED39-20DB-4D5E-8339-189DDA650069}.Debug|Any CPU.ActiveCfg = Debug|Any CPU
		{6CF9ED39-20DB-4D5E-8339-189DDA650069}.Debug|Any CPU.Build.0 = Debug|Any CPU
		{6CF9ED39-20DB-4D5E-8339-189DDA650069}.Release|Any CPU.ActiveCfg = Release|Any CPU
		{6CF9ED39-20DB-4D5E-8339-189DDA650069}.Release|Any CPU.Build.0 = Release|Any CPU
		{135F7BF4-8600-465C-ABC4-B0A2EE124F1E}.Debug|Any CPU.ActiveCfg = Debug|Any CPU
		{135F7BF4-8600-465C-ABC4-B0A2EE124F1E}.Debug|Any CPU.Build.0 = Debug|Any CPU
		{135F7BF4-8600-465C-ABC4-B0A2EE124F1E}.Release|Any CPU.ActiveCfg = Release|Any CPU
		{135F7BF4-8600-465C-ABC4-B0A2EE124F1E}.Release|Any CPU.Build.0 = Release|Any CPU
		{CDE4249B-0D2C-4B28-B45A-60A8DF97F046}.Debug|Any CPU.ActiveCfg = Debug|Any CPU
		{CDE4249B-0D2C-4B28-B45A-60A8DF97F046}.Debug|Any CPU.Build.0 = Debug|Any CPU
		{CDE4249B-0D2C-4B28-B45A-60A8DF97F046}.Release|Any CPU.ActiveCfg = Release|Any CPU
		{CDE4249B-0D2C-4B28-B45A-60A8DF97F046}.Release|Any CPU.Build.0 = Release|Any CPU
		{05DD05B2-8731-41CD-B173-D775F6A9CDD9}.Debug|Any CPU.ActiveCfg = Debug|Any CPU
		{05DD05B2-8731-41CD-B173-D775F6A9CDD9}.Debug|Any CPU.Build.0 = Debug|Any CPU
		{05DD05B2-8731-41CD-B173-D775F6A9CDD9}.Release|Any CPU.ActiveCfg = Release|Any CPU
		{05DD05B2-8731-41CD-B173-D775F6A9CDD9}.Release|Any CPU.Build.0 = Release|Any CPU
		{D3E51D2E-4D6E-4A5B-95A7-3B09A8D2D7D7}.Debug|Any CPU.ActiveCfg = Debug|Any CPU
		{D3E51D2E-4D6E-4A5B-95A7-3B09A8D2D7D7}.Debug|Any CPU.Build.0 = Debug|Any CPU
		{D3E51D2E-4D6E-4A5B-95A7-3B09A8D2D7D7}.Release|Any CPU.ActiveCfg = Release|Any CPU
		{D3E51D2E-4D6E-4A5B-95A7-3B09A8D2D7D7}.Release|Any CPU.Build.0 = Release|Any CPU
		{D6BF43AB-1B70-43B8-9737-0FECC2E50E74}.Debug|Any CPU.ActiveCfg = Debug|Any CPU
		{D6BF43AB-1B70-43B8-9737-0FECC2E50E74}.Debug|Any CPU.Build.0 = Debug|Any CPU
		{D6BF43AB-1B70-43B8-9737-0FECC2E50E74}.Release|Any CPU.ActiveCfg = Release|Any CPU
		{D6BF43AB-1B70-43B8-9737-0FECC2E50E74}.Release|Any CPU.Build.0 = Release|Any CPU
	EndGlobalSection
	GlobalSection(SolutionProperties) = preSolution
		HideSolutionNode = FALSE
	EndGlobalSection
	GlobalSection(ExtensibilityGlobals) = postSolution
		SolutionGuid = {07CD05AF-40CD-43F0-A1F8-B55779B42BB0}
	EndGlobalSection
EndGlobal
